
Microsoft Visual Studio Solution File, Format Version 12.00
# Visual Studio Version 16
VisualStudioVersion = 16.0.30523.141
MinimumVisualStudioVersion = 10.0.40219.1
Project("{FAE04EC0-301F-11D3-BF4B-00C04F79EFBC}") = "Sasarman_Andra_Lab8", "Sasarman_Andra_Lab8.csproj", "{90A6D2BC-F472-4D9A-B46F-CF95D8CD374B}"
EndProject
Global
	GlobalSection(SolutionConfigurationPlatforms) = preSolution
		Debug|Any CPU = Debug|Any CPU
		Release|Any CPU = Release|Any CPU
	EndGlobalSection
	GlobalSection(ProjectConfigurationPlatforms) = postSolution
		{90A6D2BC-F472-4D9A-B46F-CF95D8CD374B}.Debug|Any CPU.ActiveCfg = Debug|Any CPU
		{90A6D2BC-F472-4D9A-B46F-CF95D8CD374B}.Debug|Any CPU.Build.0 = Debug|Any CPU
		{90A6D2BC-F472-4D9A-B46F-CF95D8CD374B}.Release|Any CPU.ActiveCfg = Release|Any CPU
		{90A6D2BC-F472-4D9A-B46F-CF95D8CD374B}.Release|Any CPU.Build.0 = Release|Any CPU
	EndGlobalSection
	GlobalSection(SolutionProperties) = preSolution
		HideSolutionNode = FALSE
	EndGlobalSection
	GlobalSection(ExtensibilityGlobals) = postSolution
		SolutionGuid = {0A000D5A-F38E-4CCD-BC59-259025B2F001}
	EndGlobalSection
EndGlobal
